
Microsoft Visual Studio Solution File, Format Version 9.00
# Visual Studio 2005
Project("{FAE04EC0-301F-11D3-BF4B-00C04F79EFBC}") = "LorD", "LorD\LorD.csproj", "{24C36A2B-DCC8-424C-897B-E575F5137008}"
EndProject
Project("{B900F1C2-3D47-4FEC-85B3-04AAF18C3634}") = "LordCab", "..\LordCab\LordCab\LordCab.vddproj", "{A147AD73-C0D1-4B18-8FEF-7FB23C46BFD3}"
EndProject
Global
	GlobalSection(SolutionConfigurationPlatforms) = preSolution
		Debug|Any CPU = Debug|Any CPU
		Release|Any CPU = Release|Any CPU
	EndGlobalSection
	GlobalSection(ProjectConfigurationPlatforms) = postSolution
		{24C36A2B-DCC8-424C-897B-E575F5137008}.Debug|Any CPU.ActiveCfg = Debug|Any CPU
		{24C36A2B-DCC8-424C-897B-E575F5137008}.Debug|Any CPU.Build.0 = Debug|Any CPU
		{24C36A2B-DCC8-424C-897B-E575F5137008}.Debug|Any CPU.Deploy.0 = Debug|Any CPU
		{24C36A2B-DCC8-424C-897B-E575F5137008}.Release|Any CPU.ActiveCfg = Release|Any CPU
		{24C36A2B-DCC8-424C-897B-E575F5137008}.Release|Any CPU.Build.0 = Release|Any CPU
		{24C36A2B-DCC8-424C-897B-E575F5137008}.Release|Any CPU.Deploy.0 = Release|Any CPU
		{A147AD73-C0D1-4B18-8FEF-7FB23C46BFD3}.Debug|Any CPU.ActiveCfg = Debug
		{A147AD73-C0D1-4B18-8FEF-7FB23C46BFD3}.Release|Any CPU.ActiveCfg = Release
	EndGlobalSection
	GlobalSection(SolutionProperties) = preSolution
		HideSolutionNode = FALSE
	EndGlobalSection
EndGlobal
